// !$*UTF8*$!
{
	archiveVersion = 1;
	classes = {
	};
	objectVersion = 48;
	objects = {

/* Begin PBXBuildFile section */
		2971995026E36FB900B836EA /* Debouncer.swift in Sources */ = {isa = PBXBuildFile; fileRef = 2971994F26E36FB900B836EA /* Debouncer.swift */; };
		642467285B9376A7AE28FA61 /* Pods_WheretoWheel.framework in Frameworks */ = {isa = PBXBuildFile; fileRef = 5D886B33852DA56C7EE5B129 /* Pods_WheretoWheel.framework */; };
		8401670D240F88FF004F0FA7 /* SearchMapDetailViewController.swift in Sources */ = {isa = PBXBuildFile; fileRef = 8401670C240F88FF004F0FA7 /* SearchMapDetailViewController.swift */; };
		84016710240FAF35004F0FA7 /* addreassMapCell.swift in Sources */ = {isa = PBXBuildFile; fileRef = 8401670E240FAF35004F0FA7 /* addreassMapCell.swift */; };
		84016711240FAF35004F0FA7 /* addreassMapCell.xib in Resources */ = {isa = PBXBuildFile; fileRef = 8401670F240FAF35004F0FA7 /* addreassMapCell.xib */; };
		841F37102400E4170034D287 /* featcherCollectionCell.swift in Sources */ = {isa = PBXBuildFile; fileRef = 841F370E2400E4170034D287 /* featcherCollectionCell.swift */; };
		841F37112400E4170034D287 /* featcherCollectionCell.xib in Resources */ = {isa = PBXBuildFile; fileRef = 841F370F2400E4170034D287 /* featcherCollectionCell.xib */; };
		841F37132401539C0034D287 /* UserPRofileViewController.swift in Sources */ = {isa = PBXBuildFile; fileRef = 841F37122401539B0034D287 /* UserPRofileViewController.swift */; };
		8432490F23F56A150012C3F2 /* LoginViewController.swift in Sources */ = {isa = PBXBuildFile; fileRef = 8432490E23F56A150012C3F2 /* LoginViewController.swift */; };
		8432491123F56BE30012C3F2 /* AddListViewController.swift in Sources */ = {isa = PBXBuildFile; fileRef = 8432491023F56BE30012C3F2 /* AddListViewController.swift */; };
		8432491323F573690012C3F2 /* ProfileViewController.swift in Sources */ = {isa = PBXBuildFile; fileRef = 8432491223F573690012C3F2 /* ProfileViewController.swift */; };
		848B53512404E4F000A1B4AB /* WheretoWheel.xcdatamodeld in Sources */ = {isa = PBXBuildFile; fileRef = 848B534F2404E4F000A1B4AB /* WheretoWheel.xcdatamodeld */; };
		848B53532404E5AB00A1B4AB /* CoreDataStack.swift in Sources */ = {isa = PBXBuildFile; fileRef = 848B53522404E5AB00A1B4AB /* CoreDataStack.swift */; };
		848B53552404E86200A1B4AB /* APIService.swift in Sources */ = {isa = PBXBuildFile; fileRef = 848B53542404E86200A1B4AB /* APIService.swift */; };
		8493D79224090BBD00DF2343 /* addListSearchCell.swift in Sources */ = {isa = PBXBuildFile; fileRef = 8493D79124090BBD00DF2343 /* addListSearchCell.swift */; };
		84A5021D23F7CC4700244B86 /* AboutViewController.swift in Sources */ = {isa = PBXBuildFile; fileRef = 84A5021C23F7CC4700244B86 /* AboutViewController.swift */; };
		84A5021F23F7D80C00244B86 /* PricacyPolicyViewController.swift in Sources */ = {isa = PBXBuildFile; fileRef = 84A5021E23F7D80C00244B86 /* PricacyPolicyViewController.swift */; };
		84A5022123F7D84400244B86 /* FAQViewController.swift in Sources */ = {isa = PBXBuildFile; fileRef = 84A5022023F7D84400244B86 /* FAQViewController.swift */; };
		84A5022323F7D87400244B86 /* TermsConditionsViewController.swift in Sources */ = {isa = PBXBuildFile; fileRef = 84A5022223F7D87400244B86 /* TermsConditionsViewController.swift */; };
		84A5022523F7D89900244B86 /* ContactUsViewController.swift in Sources */ = {isa = PBXBuildFile; fileRef = 84A5022423F7D89900244B86 /* ContactUsViewController.swift */; };
		84A5022723F7D8BB00244B86 /* HistoryViewController.swift in Sources */ = {isa = PBXBuildFile; fileRef = 84A5022623F7D8BB00244B86 /* HistoryViewController.swift */; };
		84A5022923F800C500244B86 /* DashboardDetailViewController.swift in Sources */ = {isa = PBXBuildFile; fileRef = 84A5022823F800C500244B86 /* DashboardDetailViewController.swift */; };
		84A5022B23F80D3A00244B86 /* ForgotPassViewController.swift in Sources */ = {isa = PBXBuildFile; fileRef = 84A5022A23F80D3A00244B86 /* ForgotPassViewController.swift */; };
		84A5022D23F8136800244B86 /* SignUpViewController.swift in Sources */ = {isa = PBXBuildFile; fileRef = 84A5022C23F8136800244B86 /* SignUpViewController.swift */; };
		84ADA9B523FAA20B00BB9F9E /* ApiCalling.swift in Sources */ = {isa = PBXBuildFile; fileRef = 84ADA9B423FAA20B00BB9F9E /* ApiCalling.swift */; };
		84BF3A5823FF9ED300A78ACF /* TableBookViewController.swift in Sources */ = {isa = PBXBuildFile; fileRef = 84BF3A5723FF9ED300A78ACF /* TableBookViewController.swift */; };
		84BF3A5C23FFB4C600A78ACF /* GoogleService-Info.plist in Resources */ = {isa = PBXBuildFile; fileRef = 84BF3A5B23FFB4C600A78ACF /* GoogleService-Info.plist */; };
		84BF3A5E23FFCDFB00A78ACF /* historyCell.swift in Sources */ = {isa = PBXBuildFile; fileRef = 84BF3A5D23FFCDFB00A78ACF /* historyCell.swift */; };
		84BF3A6023FFE72500A78ACF /* DetailViewController.swift in Sources */ = {isa = PBXBuildFile; fileRef = 84BF3A5F23FFE72500A78ACF /* DetailViewController.swift */; };
		84BF3A6323FFE92500A78ACF /* topImageCell.swift in Sources */ = {isa = PBXBuildFile; fileRef = 84BF3A6123FFE92500A78ACF /* topImageCell.swift */; };
		84BF3A6423FFE92500A78ACF /* topImageCell.xib in Resources */ = {isa = PBXBuildFile; fileRef = 84BF3A6223FFE92500A78ACF /* topImageCell.xib */; };
		84BF3A6723FFF0E400A78ACF /* nameSecondCell.swift in Sources */ = {isa = PBXBuildFile; fileRef = 84BF3A6523FFF0E400A78ACF /* nameSecondCell.swift */; };
		84BF3A6823FFF0E400A78ACF /* nameSecondCell.xib in Resources */ = {isa = PBXBuildFile; fileRef = 84BF3A6623FFF0E400A78ACF /* nameSecondCell.xib */; };
		84BF3A6B23FFF33000A78ACF /* addressThirdCell.swift in Sources */ = {isa = PBXBuildFile; fileRef = 84BF3A6923FFF33000A78ACF /* addressThirdCell.swift */; };
		84BF3A6C23FFF33000A78ACF /* addressThirdCell.xib in Resources */ = {isa = PBXBuildFile; fileRef = 84BF3A6A23FFF33000A78ACF /* addressThirdCell.xib */; };
		84BF3A6F23FFF99500A78ACF /* aboutForthCell.swift in Sources */ = {isa = PBXBuildFile; fileRef = 84BF3A6D23FFF99500A78ACF /* aboutForthCell.swift */; };
		84BF3A7023FFF99500A78ACF /* aboutForthCell.xib in Resources */ = {isa = PBXBuildFile; fileRef = 84BF3A6E23FFF99500A78ACF /* aboutForthCell.xib */; };
		84BF3A7323FFFB3900A78ACF /* featchersFifthCell.swift in Sources */ = {isa = PBXBuildFile; fileRef = 84BF3A7123FFFB3900A78ACF /* featchersFifthCell.swift */; };
		84BF3A7423FFFB3900A78ACF /* featchersFifthCell.xib in Resources */ = {isa = PBXBuildFile; fileRef = 84BF3A7223FFFB3900A78ACF /* featchersFifthCell.xib */; };
		84BF3A7723FFFC3600A78ACF /* mapSixthCell.swift in Sources */ = {isa = PBXBuildFile; fileRef = 84BF3A7523FFFC3600A78ACF /* mapSixthCell.swift */; };
		84BF3A7823FFFC3600A78ACF /* mapSixthCell.xib in Resources */ = {isa = PBXBuildFile; fileRef = 84BF3A7623FFFC3600A78ACF /* mapSixthCell.xib */; };
		84BF3A7B23FFFC8A00A78ACF /* reviewSeventhCell.swift in Sources */ = {isa = PBXBuildFile; fileRef = 84BF3A7923FFFC8A00A78ACF /* reviewSeventhCell.swift */; };
		84BF3A7C23FFFC8A00A78ACF /* reviewSeventhCell.xib in Resources */ = {isa = PBXBuildFile; fileRef = 84BF3A7A23FFFC8A00A78ACF /* reviewSeventhCell.xib */; };
		84BF3A7F23FFFCB000A78ACF /* shareEighthCell.swift in Sources */ = {isa = PBXBuildFile; fileRef = 84BF3A7D23FFFCB000A78ACF /* shareEighthCell.swift */; };
		84BF3A8023FFFCB000A78ACF /* shareEighthCell.xib in Resources */ = {isa = PBXBuildFile; fileRef = 84BF3A7E23FFFCB000A78ACF /* shareEighthCell.xib */; };
		84BF3A8323FFFCE200A78ACF /* rattingNingthCell.swift in Sources */ = {isa = PBXBuildFile; fileRef = 84BF3A8123FFFCE200A78ACF /* rattingNingthCell.swift */; };
		84BF3A8423FFFCE200A78ACF /* rattingNingthCell.xib in Resources */ = {isa = PBXBuildFile; fileRef = 84BF3A8223FFFCE200A78ACF /* rattingNingthCell.xib */; };
		84BF3A8723FFFF6900A78ACF /* lastCell.swift in Sources */ = {isa = PBXBuildFile; fileRef = 84BF3A8523FFFF6900A78ACF /* lastCell.swift */; };
		84BF3A8823FFFF6900A78ACF /* lastCell.xib in Resources */ = {isa = PBXBuildFile; fileRef = 84BF3A8623FFFF6900A78ACF /* lastCell.xib */; };
		84C04519240E6A98002C2F52 /* ExpandableHeaderView.swift in Sources */ = {isa = PBXBuildFile; fileRef = 84C04517240E6A98002C2F52 /* ExpandableHeaderView.swift */; };
		84C0451A240E6A98002C2F52 /* Section.swift in Sources */ = {isa = PBXBuildFile; fileRef = 84C04518240E6A98002C2F52 /* Section.swift */; };
		84D234F223FD6082006A6066 /* OTPViewController.swift in Sources */ = {isa = PBXBuildFile; fileRef = 84D234F123FD6082006A6066 /* OTPViewController.swift */; };
		84F1D95323F663C800793D92 /* DashboardCell.swift in Sources */ = {isa = PBXBuildFile; fileRef = 84F1D95223F663C800793D92 /* DashboardCell.swift */; };
		84F1D95623F694D300793D92 /* JTMaterialSpinner.swift in Sources */ = {isa = PBXBuildFile; fileRef = 84F1D95523F694D300793D92 /* JTMaterialSpinner.swift */; };
		84F1D97723F6ACD700793D92 /* LocationListCell.swift in Sources */ = {isa = PBXBuildFile; fileRef = 84F1D97623F6ACD700793D92 /* LocationListCell.swift */; };
		84F1D97923F6BF6E00793D92 /* sidemenuCell.swift in Sources */ = {isa = PBXBuildFile; fileRef = 84F1D97823F6BF6E00793D92 /* sidemenuCell.swift */; };
		84F6A158240D33860030CFDD /* addListPhotoCell.swift in Sources */ = {isa = PBXBuildFile; fileRef = 84F6A157240D33860030CFDD /* addListPhotoCell.swift */; };
		84FA21EC240393BA00575E86 /* ChangePassViewController.swift in Sources */ = {isa = PBXBuildFile; fileRef = 84FA21EB240393BA00575E86 /* ChangePassViewController.swift */; };
		84FA21EE2403B0DA00575E86 /* SearchCell.swift in Sources */ = {isa = PBXBuildFile; fileRef = 84FA21ED2403B0DA00575E86 /* SearchCell.swift */; };
		CE38A8202653CA7A0039672A /* SlideMenuController.swift in Sources */ = {isa = PBXBuildFile; fileRef = CE38A81F2653CA7A0039672A /* SlideMenuController.swift */; };
		CECA534226B8173E007B6BC3 /* SentryManager.swift in Sources */ = {isa = PBXBuildFile; fileRef = CECA534126B8173E007B6BC3 /* SentryManager.swift */; };
		E733665320DCDC210090DE18 /* SideBaseViewController.swift in Sources */ = {isa = PBXBuildFile; fileRef = E733665220DCDC210090DE18 /* SideBaseViewController.swift */; };
		E733665520DCDCFD0090DE18 /* SearchController.swift in Sources */ = {isa = PBXBuildFile; fileRef = E733665420DCDCFD0090DE18 /* SearchController.swift */; };
		E775143A2089D99900E44840 /* NonMenuViewController.swift in Sources */ = {isa = PBXBuildFile; fileRef = E77514392089D99900E44840 /* NonMenuViewController.swift */; };
		E775143C2089DDB700E44840 /* SecondViewController.swift in Sources */ = {isa = PBXBuildFile; fileRef = E775143B2089DDB700E44840 /* SecondViewController.swift */; };
		E77514432089F0EE00E44840 /* CustomTabBarViewController.swift in Sources */ = {isa = PBXBuildFile; fileRef = E77514422089F0EE00E44840 /* CustomTabBarViewController.swift */; };
		E78D0EE120DCF7880035F501 /* DashboardViewController.swift in Sources */ = {isa = PBXBuildFile; fileRef = E78D0EE020DCF7880035F501 /* DashboardViewController.swift */; };
		E79DE53520AD486300CF0049 /* LocationViewController.swift in Sources */ = {isa = PBXBuildFile; fileRef = E79DE53420AD486300CF0049 /* LocationViewController.swift */; };
		E79E1E1320AC516F00E15481 /* UIViewController.swift in Sources */ = {isa = PBXBuildFile; fileRef = E79E1E1220AC516F00E15481 /* UIViewController.swift */; };
		E79E1E1620AC519700E15481 /* Enums.swift in Sources */ = {isa = PBXBuildFile; fileRef = E79E1E1520AC519700E15481 /* Enums.swift */; };
		E7C55EC72089B52B00DEBD85 /* AppDelegate.swift in Sources */ = {isa = PBXBuildFile; fileRef = E7C55EC62089B52B00DEBD85 /* AppDelegate.swift */; };
		E7C55ECC2089B52B00DEBD85 /* Main.storyboard in Resources */ = {isa = PBXBuildFile; fileRef = E7C55ECA2089B52B00DEBD85 /* Main.storyboard */; };
		E7C55ECE2089B52B00DEBD85 /* Assets.xcassets in Resources */ = {isa = PBXBuildFile; fileRef = E7C55ECD2089B52B00DEBD85 /* Assets.xcassets */; };
		E7C55ED12089B52B00DEBD85 /* LaunchScreen.storyboard in Resources */ = {isa = PBXBuildFile; fileRef = E7C55ECF2089B52B00DEBD85 /* LaunchScreen.storyboard */; };
		E7C55ED92089B9D300DEBD85 /* MainViewController.swift in Sources */ = {isa = PBXBuildFile; fileRef = E7C55ED82089B9D300DEBD85 /* MainViewController.swift */; };
		E7C55EDB2089BA2700DEBD85 /* LeftMenuViewController .swift in Sources */ = {isa = PBXBuildFile; fileRef = E7C55EDA2089BA2700DEBD85 /* LeftMenuViewController .swift */; };
		E7C55EDD2089BA3400DEBD85 /* RightMenuViewController.swift in Sources */ = {isa = PBXBuildFile; fileRef = E7C55EDC2089BA3400DEBD85 /* RightMenuViewController.swift */; };
		E7C55EE62089CA1A00DEBD85 /* LeftHeaderView.swift in Sources */ = {isa = PBXBuildFile; fileRef = E7C55EE52089CA1A00DEBD85 /* LeftHeaderView.swift */; };
		E7C55EE82089CA2B00DEBD85 /* LeftHeaderView.xib in Resources */ = {isa = PBXBuildFile; fileRef = E7C55EE72089CA2B00DEBD85 /* LeftHeaderView.xib */; };
/* End PBXBuildFile section */

/* Begin PBXFileReference section */
		057BF7E02742ADC70011893B /* WheretoWheel.entitlements */ = {isa = PBXFileReference; lastKnownFileType = text.plist.entitlements; path = WheretoWheel.entitlements; sourceTree = "<group>"; };
		199D4FF4190D2CAD4F1E15B7 /* Pods-WheretoWheel.release.xcconfig */ = {isa = PBXFileReference; includeInIndex = 1; lastKnownFileType = text.xcconfig; name = "Pods-WheretoWheel.release.xcconfig"; path = "Target Support Files/Pods-WheretoWheel/Pods-WheretoWheel.release.xcconfig"; sourceTree = "<group>"; };
		2971994F26E36FB900B836EA /* Debouncer.swift */ = {isa = PBXFileReference; lastKnownFileType = sourcecode.swift; path = Debouncer.swift; sourceTree = "<group>"; };
		5D886B33852DA56C7EE5B129 /* Pods_WheretoWheel.framework */ = {isa = PBXFileReference; explicitFileType = wrapper.framework; includeInIndex = 0; path = Pods_WheretoWheel.framework; sourceTree = BUILT_PRODUCTS_DIR; };
		8401670C240F88FF004F0FA7 /* SearchMapDetailViewController.swift */ = {isa = PBXFileReference; lastKnownFileType = sourcecode.swift; path = SearchMapDetailViewController.swift; sourceTree = "<group>"; };
		8401670E240FAF35004F0FA7 /* addreassMapCell.swift */ = {isa = PBXFileReference; lastKnownFileType = sourcecode.swift; path = addreassMapCell.swift; sourceTree = "<group>"; };
		8401670F240FAF35004F0FA7 /* addreassMapCell.xib */ = {isa = PBXFileReference; lastKnownFileType = file.xib; path = addreassMapCell.xib; sourceTree = "<group>"; };
		841F370E2400E4170034D287 /* featcherCollectionCell.swift */ = {isa = PBXFileReference; lastKnownFileType = sourcecode.swift; path = featcherCollectionCell.swift; sourceTree = "<group>"; };
		841F370F2400E4170034D287 /* featcherCollectionCell.xib */ = {isa = PBXFileReference; lastKnownFileType = file.xib; path = featcherCollectionCell.xib; sourceTree = "<group>"; };
		841F37122401539B0034D287 /* UserPRofileViewController.swift */ = {isa = PBXFileReference; lastKnownFileType = sourcecode.swift; path = UserPRofileViewController.swift; sourceTree = "<group>"; };
		8432490E23F56A150012C3F2 /* LoginViewController.swift */ = {isa = PBXFileReference; lastKnownFileType = sourcecode.swift; path = LoginViewController.swift; sourceTree = "<group>"; };
		8432491023F56BE30012C3F2 /* AddListViewController.swift */ = {isa = PBXFileReference; lastKnownFileType = sourcecode.swift; path = AddListViewController.swift; sourceTree = "<group>"; };
		8432491223F573690012C3F2 /* ProfileViewController.swift */ = {isa = PBXFileReference; lastKnownFileType = sourcecode.swift; path = ProfileViewController.swift; sourceTree = "<group>"; };
		848B53502404E4F000A1B4AB /* WheretoWheel.xcdatamodel */ = {isa = PBXFileReference; lastKnownFileType = wrapper.xcdatamodel; path = WheretoWheel.xcdatamodel; sourceTree = "<group>"; };
		848B53522404E5AB00A1B4AB /* CoreDataStack.swift */ = {isa = PBXFileReference; fileEncoding = 4; lastKnownFileType = sourcecode.swift; name = CoreDataStack.swift; path = TabbarWithSideMenu/CoreDataStack.swift; sourceTree = "<group>"; };
		848B53542404E86200A1B4AB /* APIService.swift */ = {isa = PBXFileReference; fileEncoding = 4; lastKnownFileType = sourcecode.swift; name = APIService.swift; path = TabbarWithSideMenu/APIService.swift; sourceTree = "<group>"; };
		8493D79124090BBD00DF2343 /* addListSearchCell.swift */ = {isa = PBXFileReference; lastKnownFileType = sourcecode.swift; path = addListSearchCell.swift; sourceTree = "<group>"; };
		84A5021C23F7CC4700244B86 /* AboutViewController.swift */ = {isa = PBXFileReference; lastKnownFileType = sourcecode.swift; path = AboutViewController.swift; sourceTree = "<group>"; };
		84A5021E23F7D80C00244B86 /* PricacyPolicyViewController.swift */ = {isa = PBXFileReference; lastKnownFileType = sourcecode.swift; path = PricacyPolicyViewController.swift; sourceTree = "<group>"; };
		84A5022023F7D84400244B86 /* FAQViewController.swift */ = {isa = PBXFileReference; lastKnownFileType = sourcecode.swift; path = FAQViewController.swift; sourceTree = "<group>"; };
		84A5022223F7D87400244B86 /* TermsConditionsViewController.swift */ = {isa = PBXFileReference; lastKnownFileType = sourcecode.swift; path = TermsConditionsViewController.swift; sourceTree = "<group>"; };
		84A5022423F7D89900244B86 /* ContactUsViewController.swift */ = {isa = PBXFileReference; lastKnownFileType = sourcecode.swift; path = ContactUsViewController.swift; sourceTree = "<group>"; };
		84A5022623F7D8BB00244B86 /* HistoryViewController.swift */ = {isa = PBXFileReference; lastKnownFileType = sourcecode.swift; path = HistoryViewController.swift; sourceTree = "<group>"; };
		84A5022823F800C500244B86 /* DashboardDetailViewController.swift */ = {isa = PBXFileReference; lastKnownFileType = sourcecode.swift; path = DashboardDetailViewController.swift; sourceTree = "<group>"; };
		84A5022A23F80D3A00244B86 /* ForgotPassViewController.swift */ = {isa = PBXFileReference; lastKnownFileType = sourcecode.swift; path = ForgotPassViewController.swift; sourceTree = "<group>"; };
		84A5022C23F8136800244B86 /* SignUpViewController.swift */ = {isa = PBXFileReference; lastKnownFileType = sourcecode.swift; path = SignUpViewController.swift; sourceTree = "<group>"; };
		84ADA9B423FAA20B00BB9F9E /* ApiCalling.swift */ = {isa = PBXFileReference; lastKnownFileType = sourcecode.swift; path = ApiCalling.swift; sourceTree = "<group>"; };
		84BF3A5723FF9ED300A78ACF /* TableBookViewController.swift */ = {isa = PBXFileReference; lastKnownFileType = sourcecode.swift; path = TableBookViewController.swift; sourceTree = "<group>"; };
		84BF3A5B23FFB4C600A78ACF /* GoogleService-Info.plist */ = {isa = PBXFileReference; fileEncoding = 4; lastKnownFileType = text.plist.xml; path = "GoogleService-Info.plist"; sourceTree = "<group>"; };
		84BF3A5D23FFCDFB00A78ACF /* historyCell.swift */ = {isa = PBXFileReference; lastKnownFileType = sourcecode.swift; path = historyCell.swift; sourceTree = "<group>"; };
		84BF3A5F23FFE72500A78ACF /* DetailViewController.swift */ = {isa = PBXFileReference; lastKnownFileType = sourcecode.swift; path = DetailViewController.swift; sourceTree = "<group>"; };
		84BF3A6123FFE92500A78ACF /* topImageCell.swift */ = {isa = PBXFileReference; lastKnownFileType = sourcecode.swift; path = topImageCell.swift; sourceTree = "<group>"; };
		84BF3A6223FFE92500A78ACF /* topImageCell.xib */ = {isa = PBXFileReference; lastKnownFileType = file.xib; path = topImageCell.xib; sourceTree = "<group>"; };
		84BF3A6523FFF0E400A78ACF /* nameSecondCell.swift */ = {isa = PBXFileReference; lastKnownFileType = sourcecode.swift; path = nameSecondCell.swift; sourceTree = "<group>"; };
		84BF3A6623FFF0E400A78ACF /* nameSecondCell.xib */ = {isa = PBXFileReference; lastKnownFileType = file.xib; path = nameSecondCell.xib; sourceTree = "<group>"; };
		84BF3A6923FFF33000A78ACF /* addressThirdCell.swift */ = {isa = PBXFileReference; lastKnownFileType = sourcecode.swift; path = addressThirdCell.swift; sourceTree = "<group>"; };
		84BF3A6A23FFF33000A78ACF /* addressThirdCell.xib */ = {isa = PBXFileReference; lastKnownFileType = file.xib; path = addressThirdCell.xib; sourceTree = "<group>"; };
		84BF3A6D23FFF99500A78ACF /* aboutForthCell.swift */ = {isa = PBXFileReference; lastKnownFileType = sourcecode.swift; path = aboutForthCell.swift; sourceTree = "<group>"; };
		84BF3A6E23FFF99500A78ACF /* aboutForthCell.xib */ = {isa = PBXFileReference; lastKnownFileType = file.xib; path = aboutForthCell.xib; sourceTree = "<group>"; };
		84BF3A7123FFFB3900A78ACF /* featchersFifthCell.swift */ = {isa = PBXFileReference; lastKnownFileType = sourcecode.swift; path = featchersFifthCell.swift; sourceTree = "<group>"; };
		84BF3A7223FFFB3900A78ACF /* featchersFifthCell.xib */ = {isa = PBXFileReference; lastKnownFileType = file.xib; path = featchersFifthCell.xib; sourceTree = "<group>"; };
		84BF3A7523FFFC3600A78ACF /* mapSixthCell.swift */ = {isa = PBXFileReference; lastKnownFileType = sourcecode.swift; path = mapSixthCell.swift; sourceTree = "<group>"; };
		84BF3A7623FFFC3600A78ACF /* mapSixthCell.xib */ = {isa = PBXFileReference; lastKnownFileType = file.xib; path = mapSixthCell.xib; sourceTree = "<group>"; };
		84BF3A7923FFFC8A00A78ACF /* reviewSeventhCell.swift */ = {isa = PBXFileReference; lastKnownFileType = sourcecode.swift; path = reviewSeventhCell.swift; sourceTree = "<group>"; };
		84BF3A7A23FFFC8A00A78ACF /* reviewSeventhCell.xib */ = {isa = PBXFileReference; lastKnownFileType = file.xib; path = reviewSeventhCell.xib; sourceTree = "<group>"; };
		84BF3A7D23FFFCB000A78ACF /* shareEighthCell.swift */ = {isa = PBXFileReference; lastKnownFileType = sourcecode.swift; path = shareEighthCell.swift; sourceTree = "<group>"; };
		84BF3A7E23FFFCB000A78ACF /* shareEighthCell.xib */ = {isa = PBXFileReference; lastKnownFileType = file.xib; path = shareEighthCell.xib; sourceTree = "<group>"; };
		84BF3A8123FFFCE200A78ACF /* rattingNingthCell.swift */ = {isa = PBXFileReference; lastKnownFileType = sourcecode.swift; path = rattingNingthCell.swift; sourceTree = "<group>"; };
		84BF3A8223FFFCE200A78ACF /* rattingNingthCell.xib */ = {isa = PBXFileReference; lastKnownFileType = file.xib; path = rattingNingthCell.xib; sourceTree = "<group>"; };
		84BF3A8523FFFF6900A78ACF /* lastCell.swift */ = {isa = PBXFileReference; lastKnownFileType = sourcecode.swift; path = lastCell.swift; sourceTree = "<group>"; };
		84BF3A8623FFFF6900A78ACF /* lastCell.xib */ = {isa = PBXFileReference; lastKnownFileType = file.xib; path = lastCell.xib; sourceTree = "<group>"; };
		84BF408F240E40F300A631F2 /* AEAccordion.framework */ = {isa = PBXFileReference; lastKnownFileType = wrapper.framework; name = AEAccordion.framework; path = TabbarWithSideMenu/Framworks/AEAccordion.framework; sourceTree = "<group>"; };
		84C04517240E6A98002C2F52 /* ExpandableHeaderView.swift */ = {isa = PBXFileReference; fileEncoding = 4; lastKnownFileType = sourcecode.swift; path = ExpandableHeaderView.swift; sourceTree = "<group>"; };
		84C04518240E6A98002C2F52 /* Section.swift */ = {isa = PBXFileReference; fileEncoding = 4; lastKnownFileType = sourcecode.swift; path = Section.swift; sourceTree = "<group>"; };
		84D234EF23FD503F006A6066 /* Alamofire.swift */ = {isa = PBXFileReference; lastKnownFileType = sourcecode.swift; name = Alamofire.swift; path = Pods/Alamofire/Source/Alamofire.swift; sourceTree = "<group>"; };
		84D234F123FD6082006A6066 /* OTPViewController.swift */ = {isa = PBXFileReference; lastKnownFileType = sourcecode.swift; path = OTPViewController.swift; sourceTree = "<group>"; };
		84F1D95223F663C800793D92 /* DashboardCell.swift */ = {isa = PBXFileReference; lastKnownFileType = sourcecode.swift; path = DashboardCell.swift; sourceTree = "<group>"; };
		84F1D95523F694D300793D92 /* JTMaterialSpinner.swift */ = {isa = PBXFileReference; fileEncoding = 4; lastKnownFileType = sourcecode.swift; path = JTMaterialSpinner.swift; sourceTree = "<group>"; };
		84F1D95923F6A6C600793D92 /* GoogleMaps.bundle */ = {isa = PBXFileReference; lastKnownFileType = "wrapper.plug-in"; path = GoogleMaps.bundle; sourceTree = "<group>"; };
		84F1D95C23F6A6DA00793D92 /* GoogleMapsCore.framework */ = {isa = PBXFileReference; lastKnownFileType = wrapper.framework; name = GoogleMapsCore.framework; path = TabbarWithSideMenu/Framworks/GoogleMapsCore.framework; sourceTree = "<group>"; };
		84F1D95D23F6A6DA00793D92 /* GoogleMapsBase.framework */ = {isa = PBXFileReference; lastKnownFileType = wrapper.framework; name = GoogleMapsBase.framework; path = TabbarWithSideMenu/Framworks/GoogleMapsBase.framework; sourceTree = "<group>"; };
		84F1D95E23F6A6DA00793D92 /* GooglePlaces.framework */ = {isa = PBXFileReference; lastKnownFileType = wrapper.framework; name = GooglePlaces.framework; path = TabbarWithSideMenu/Framworks/GooglePlaces.framework; sourceTree = "<group>"; };
		84F1D95F23F6A6DA00793D92 /* GoogleMaps.framework */ = {isa = PBXFileReference; lastKnownFileType = wrapper.framework; name = GoogleMaps.framework; path = TabbarWithSideMenu/Framworks/GoogleMaps.framework; sourceTree = "<group>"; };
		84F1D97623F6ACD700793D92 /* LocationListCell.swift */ = {isa = PBXFileReference; lastKnownFileType = sourcecode.swift; path = LocationListCell.swift; sourceTree = "<group>"; };
		84F1D97823F6BF6E00793D92 /* sidemenuCell.swift */ = {isa = PBXFileReference; lastKnownFileType = sourcecode.swift; path = sidemenuCell.swift; sourceTree = "<group>"; };
		84F6A157240D33860030CFDD /* addListPhotoCell.swift */ = {isa = PBXFileReference; lastKnownFileType = sourcecode.swift; path = addListPhotoCell.swift; sourceTree = "<group>"; };
		84FA21EB240393BA00575E86 /* ChangePassViewController.swift */ = {isa = PBXFileReference; lastKnownFileType = sourcecode.swift; path = ChangePassViewController.swift; sourceTree = "<group>"; };
		84FA21ED2403B0DA00575E86 /* SearchCell.swift */ = {isa = PBXFileReference; lastKnownFileType = sourcecode.swift; path = SearchCell.swift; sourceTree = "<group>"; };
		AAEF4093B21C083FE2E4C79C /* Pods-WheretoWheel.debug.xcconfig */ = {isa = PBXFileReference; includeInIndex = 1; lastKnownFileType = text.xcconfig; name = "Pods-WheretoWheel.debug.xcconfig"; path = "Target Support Files/Pods-WheretoWheel/Pods-WheretoWheel.debug.xcconfig"; sourceTree = "<group>"; };
		CE38A81F2653CA7A0039672A /* SlideMenuController.swift */ = {isa = PBXFileReference; lastKnownFileType = sourcecode.swift; path = SlideMenuController.swift; sourceTree = "<group>"; };
		CECA534126B8173E007B6BC3 /* SentryManager.swift */ = {isa = PBXFileReference; lastKnownFileType = sourcecode.swift; path = SentryManager.swift; sourceTree = "<group>"; };
		E733665220DCDC210090DE18 /* SideBaseViewController.swift */ = {isa = PBXFileReference; lastKnownFileType = sourcecode.swift; path = SideBaseViewController.swift; sourceTree = "<group>"; };
		E733665420DCDCFD0090DE18 /* SearchController.swift */ = {isa = PBXFileReference; lastKnownFileType = sourcecode.swift; path = SearchController.swift; sourceTree = "<group>"; };
		E77514392089D99900E44840 /* NonMenuViewController.swift */ = {isa = PBXFileReference; lastKnownFileType = sourcecode.swift; path = NonMenuViewController.swift; sourceTree = "<group>"; };
		E775143B2089DDB700E44840 /* SecondViewController.swift */ = {isa = PBXFileReference; lastKnownFileType = sourcecode.swift; path = SecondViewController.swift; sourceTree = "<group>"; };
		E77514422089F0EE00E44840 /* CustomTabBarViewController.swift */ = {isa = PBXFileReference; lastKnownFileType = sourcecode.swift; path = CustomTabBarViewController.swift; sourceTree = "<group>"; };
		E78D0EE020DCF7880035F501 /* DashboardViewController.swift */ = {isa = PBXFileReference; lastKnownFileType = sourcecode.swift; path = DashboardViewController.swift; sourceTree = "<group>"; };
		E79DE53420AD486300CF0049 /* LocationViewController.swift */ = {isa = PBXFileReference; lastKnownFileType = sourcecode.swift; path = LocationViewController.swift; sourceTree = "<group>"; };
		E79E1E1220AC516F00E15481 /* UIViewController.swift */ = {isa = PBXFileReference; fileEncoding = 4; lastKnownFileType = sourcecode.swift; path = UIViewController.swift; sourceTree = "<group>"; };
		E79E1E1520AC519700E15481 /* Enums.swift */ = {isa = PBXFileReference; fileEncoding = 4; lastKnownFileType = sourcecode.swift; path = Enums.swift; sourceTree = "<group>"; };
		E7C55EC32089B52B00DEBD85 /* WheretoWheel.app */ = {isa = PBXFileReference; explicitFileType = wrapper.application; includeInIndex = 0; path = WheretoWheel.app; sourceTree = BUILT_PRODUCTS_DIR; };
		E7C55EC62089B52B00DEBD85 /* AppDelegate.swift */ = {isa = PBXFileReference; lastKnownFileType = sourcecode.swift; path = AppDelegate.swift; sourceTree = "<group>"; };
		E7C55ECB2089B52B00DEBD85 /* Base */ = {isa = PBXFileReference; lastKnownFileType = file.storyboard; name = Base; path = Base.lproj/Main.storyboard; sourceTree = "<group>"; };
		E7C55ECD2089B52B00DEBD85 /* Assets.xcassets */ = {isa = PBXFileReference; lastKnownFileType = folder.assetcatalog; path = Assets.xcassets; sourceTree = "<group>"; };
		E7C55ED02089B52B00DEBD85 /* Base */ = {isa = PBXFileReference; lastKnownFileType = file.storyboard; name = Base; path = Base.lproj/LaunchScreen.storyboard; sourceTree = "<group>"; };
		E7C55ED22089B52B00DEBD85 /* Info.plist */ = {isa = PBXFileReference; lastKnownFileType = text.plist.xml; path = Info.plist; sourceTree = "<group>"; };
		E7C55ED82089B9D300DEBD85 /* MainViewController.swift */ = {isa = PBXFileReference; lastKnownFileType = sourcecode.swift; path = MainViewController.swift; sourceTree = "<group>"; };
		E7C55EDA2089BA2700DEBD85 /* LeftMenuViewController .swift */ = {isa = PBXFileReference; lastKnownFileType = sourcecode.swift; path = "LeftMenuViewController .swift"; sourceTree = "<group>"; };
		E7C55EDC2089BA3400DEBD85 /* RightMenuViewController.swift */ = {isa = PBXFileReference; lastKnownFileType = sourcecode.swift; path = RightMenuViewController.swift; sourceTree = "<group>"; };
		E7C55EE52089CA1A00DEBD85 /* LeftHeaderView.swift */ = {isa = PBXFileReference; lastKnownFileType = sourcecode.swift; path = LeftHeaderView.swift; sourceTree = "<group>"; };
		E7C55EE72089CA2B00DEBD85 /* LeftHeaderView.xib */ = {isa = PBXFileReference; lastKnownFileType = file.xib; path = LeftHeaderView.xib; sourceTree = "<group>"; };
/* End PBXFileReference section */

/* Begin PBXFrameworksBuildPhase section */
		E7C55EC02089B52B00DEBD85 /* Frameworks */ = {
			isa = PBXFrameworksBuildPhase;
			buildActionMask = 2147483647;
			files = (
				642467285B9376A7AE28FA61 /* Pods_WheretoWheel.framework in Frameworks */,
			);
			runOnlyForDeploymentPostprocessing = 0;
		};
/* End PBXFrameworksBuildPhase section */

/* Begin PBXGroup section */
		0A9745B602C39FD171AEAFC3 /* Frameworks */ = {
			isa = PBXGroup;
			children = (
				84BF408F240E40F300A631F2 /* AEAccordion.framework */,
				84F1D95F23F6A6DA00793D92 /* GoogleMaps.framework */,
				84F1D95D23F6A6DA00793D92 /* GoogleMapsBase.framework */,
				84F1D95C23F6A6DA00793D92 /* GoogleMapsCore.framework */,
				84F1D95E23F6A6DA00793D92 /* GooglePlaces.framework */,
				84F1D95923F6A6C600793D92 /* GoogleMaps.bundle */,
				5D886B33852DA56C7EE5B129 /* Pods_WheretoWheel.framework */,
			);
			name = Frameworks;
			sourceTree = "<group>";
		};
		84F1D95423F694D300793D92 /* Library */ = {
			isa = PBXGroup;
			children = (
				84C04517240E6A98002C2F52 /* ExpandableHeaderView.swift */,
				84C04518240E6A98002C2F52 /* Section.swift */,
				84F1D95523F694D300793D92 /* JTMaterialSpinner.swift */,
			);
			path = Library;
			sourceTree = "<group>";
		};
		DDBD4BCA79AF18C65EDBC7FE /* Pods */ = {
			isa = PBXGroup;
			children = (
				AAEF4093B21C083FE2E4C79C /* Pods-WheretoWheel.debug.xcconfig */,
				199D4FF4190D2CAD4F1E15B7 /* Pods-WheretoWheel.release.xcconfig */,
			);
			path = Pods;
			sourceTree = "<group>";
		};
		E775143D2089EA9D00E44840 /* Views */ = {
			isa = PBXGroup;
			children = (
				E7C55EE52089CA1A00DEBD85 /* LeftHeaderView.swift */,
				E7C55EE72089CA2B00DEBD85 /* LeftHeaderView.xib */,
			);
			path = Views;
			sourceTree = "<group>";
		};
		E79E1E1020AC514300E15481 /* Utils */ = {
			isa = PBXGroup;
			children = (
				E79E1E1120AC516F00E15481 /* Extension */,
				E79E1E1420AC519700E15481 /* Constants */,
			);
			path = Utils;
			sourceTree = "<group>";
		};
		E79E1E1120AC516F00E15481 /* Extension */ = {
			isa = PBXGroup;
			children = (
				E79E1E1220AC516F00E15481 /* UIViewController.swift */,
			);
			path = Extension;
			sourceTree = "<group>";
		};
		E79E1E1420AC519700E15481 /* Constants */ = {
			isa = PBXGroup;
			children = (
				E79E1E1520AC519700E15481 /* Enums.swift */,
			);
			path = Constants;
			sourceTree = "<group>";
		};
		E79E1E1820AC51CC00E15481 /* Controllers */ = {
			isa = PBXGroup;
			children = (
				8432490E23F56A150012C3F2 /* LoginViewController.swift */,
				E78D0EE020DCF7880035F501 /* DashboardViewController.swift */,
				84F1D95223F663C800793D92 /* DashboardCell.swift */,
				E733665420DCDCFD0090DE18 /* SearchController.swift */,
				E79DE53420AD486300CF0049 /* LocationViewController.swift */,
				84F1D97623F6ACD700793D92 /* LocationListCell.swift */,
				8432491023F56BE30012C3F2 /* AddListViewController.swift */,
				8432491223F573690012C3F2 /* ProfileViewController.swift */,
				E733665220DCDC210090DE18 /* SideBaseViewController.swift */,
				E7C55ED82089B9D300DEBD85 /* MainViewController.swift */,
				E7C55EDA2089BA2700DEBD85 /* LeftMenuViewController .swift */,
				E7C55EDC2089BA3400DEBD85 /* RightMenuViewController.swift */,
				E77514422089F0EE00E44840 /* CustomTabBarViewController.swift */,
				E775143B2089DDB700E44840 /* SecondViewController.swift */,
				E77514392089D99900E44840 /* NonMenuViewController.swift */,
				84F1D97823F6BF6E00793D92 /* sidemenuCell.swift */,
				84A5021C23F7CC4700244B86 /* AboutViewController.swift */,
				84A5021E23F7D80C00244B86 /* PricacyPolicyViewController.swift */,
				84A5022023F7D84400244B86 /* FAQViewController.swift */,
				84A5022223F7D87400244B86 /* TermsConditionsViewController.swift */,
				84A5022423F7D89900244B86 /* ContactUsViewController.swift */,
				84A5022623F7D8BB00244B86 /* HistoryViewController.swift */,
				84BF3A5D23FFCDFB00A78ACF /* historyCell.swift */,
				84A5022823F800C500244B86 /* DashboardDetailViewController.swift */,
				84A5022A23F80D3A00244B86 /* ForgotPassViewController.swift */,
				84D234F123FD6082006A6066 /* OTPViewController.swift */,
				84A5022C23F8136800244B86 /* SignUpViewController.swift */,
				84ADA9B423FAA20B00BB9F9E /* ApiCalling.swift */,
				84BF3A5723FF9ED300A78ACF /* TableBookViewController.swift */,
				84BF3A5F23FFE72500A78ACF /* DetailViewController.swift */,
				84BF3A6123FFE92500A78ACF /* topImageCell.swift */,
				84BF3A6223FFE92500A78ACF /* topImageCell.xib */,
				84BF3A6523FFF0E400A78ACF /* nameSecondCell.swift */,
				84BF3A6623FFF0E400A78ACF /* nameSecondCell.xib */,
				84BF3A6923FFF33000A78ACF /* addressThirdCell.swift */,
				84BF3A6A23FFF33000A78ACF /* addressThirdCell.xib */,
				84BF3A6D23FFF99500A78ACF /* aboutForthCell.swift */,
				84BF3A6E23FFF99500A78ACF /* aboutForthCell.xib */,
				84BF3A7123FFFB3900A78ACF /* featchersFifthCell.swift */,
				84BF3A7223FFFB3900A78ACF /* featchersFifthCell.xib */,
				84BF3A7523FFFC3600A78ACF /* mapSixthCell.swift */,
				84BF3A7623FFFC3600A78ACF /* mapSixthCell.xib */,
				84BF3A7923FFFC8A00A78ACF /* reviewSeventhCell.swift */,
				84BF3A7A23FFFC8A00A78ACF /* reviewSeventhCell.xib */,
				84BF3A7D23FFFCB000A78ACF /* shareEighthCell.swift */,
				84BF3A7E23FFFCB000A78ACF /* shareEighthCell.xib */,
				84BF3A8123FFFCE200A78ACF /* rattingNingthCell.swift */,
				84BF3A8223FFFCE200A78ACF /* rattingNingthCell.xib */,
				84BF3A8523FFFF6900A78ACF /* lastCell.swift */,
				84BF3A8623FFFF6900A78ACF /* lastCell.xib */,
				841F370E2400E4170034D287 /* featcherCollectionCell.swift */,
				841F370F2400E4170034D287 /* featcherCollectionCell.xib */,
				841F37122401539B0034D287 /* UserPRofileViewController.swift */,
				84FA21EB240393BA00575E86 /* ChangePassViewController.swift */,
				84FA21ED2403B0DA00575E86 /* SearchCell.swift */,
				8493D79124090BBD00DF2343 /* addListSearchCell.swift */,
				84F6A157240D33860030CFDD /* addListPhotoCell.swift */,
				8401670C240F88FF004F0FA7 /* SearchMapDetailViewController.swift */,
				8401670E240FAF35004F0FA7 /* addreassMapCell.swift */,
				8401670F240FAF35004F0FA7 /* addreassMapCell.xib */,
				2971994F26E36FB900B836EA /* Debouncer.swift */,
			);
			path = Controllers;
			sourceTree = "<group>";
		};
		E79E1E1920AC51E900E15481 /* Resources */ = {
			isa = PBXGroup;
			children = (
				E7C55ECD2089B52B00DEBD85 /* Assets.xcassets */,
			);
			path = Resources;
			sourceTree = "<group>";
		};
		E7C55EBA2089B52B00DEBD85 = {
			isa = PBXGroup;
			children = (
				057BF7E02742ADC70011893B /* WheretoWheel.entitlements */,
				CECA534126B8173E007B6BC3 /* SentryManager.swift */,
				848B53542404E86200A1B4AB /* APIService.swift */,
				848B53522404E5AB00A1B4AB /* CoreDataStack.swift */,
				848B534F2404E4F000A1B4AB /* WheretoWheel.xcdatamodeld */,
				84BF3A5B23FFB4C600A78ACF /* GoogleService-Info.plist */,
				84D234EF23FD503F006A6066 /* Alamofire.swift */,
				E7C55EC52089B52B00DEBD85 /* TabbarWithSideMenu */,
				E7C55EC42089B52B00DEBD85 /* Products */,
				0A9745B602C39FD171AEAFC3 /* Frameworks */,
				DDBD4BCA79AF18C65EDBC7FE /* Pods */,
			);
			sourceTree = "<group>";
		};
		E7C55EC42089B52B00DEBD85 /* Products */ = {
			isa = PBXGroup;
			children = (
				E7C55EC32089B52B00DEBD85 /* WheretoWheel.app */,
			);
			name = Products;
			sourceTree = "<group>";
		};
		E7C55EC52089B52B00DEBD85 /* TabbarWithSideMenu */ = {
			isa = PBXGroup;
			children = (
				84F1D95423F694D300793D92 /* Library */,
				E7C55EC62089B52B00DEBD85 /* AppDelegate.swift */,
				E79E1E1020AC514300E15481 /* Utils */,
				E79E1E1820AC51CC00E15481 /* Controllers */,
				E775143D2089EA9D00E44840 /* Views */,
				E7C55ECA2089B52B00DEBD85 /* Main.storyboard */,
				E7C55ECF2089B52B00DEBD85 /* LaunchScreen.storyboard */,
				E79E1E1920AC51E900E15481 /* Resources */,
				E7C55ED22089B52B00DEBD85 /* Info.plist */,
				CE38A81F2653CA7A0039672A /* SlideMenuController.swift */,
			);
			path = TabbarWithSideMenu;
			sourceTree = "<group>";
		};
/* End PBXGroup section */

/* Begin PBXNativeTarget section */
		E7C55EC22089B52B00DEBD85 /* WheretoWheel */ = {
			isa = PBXNativeTarget;
			buildConfigurationList = E7C55ED52089B52B00DEBD85 /* Build configuration list for PBXNativeTarget "WheretoWheel" */;
			buildPhases = (
				76610E29B8085EF10BDD0C87 /* [CP] Check Pods Manifest.lock */,
				E7C55EBF2089B52B00DEBD85 /* Sources */,
				E7C55EC02089B52B00DEBD85 /* Frameworks */,
				E7C55EC12089B52B00DEBD85 /* Resources */,
				2154F20E4D141963752B1EC7 /* [CP] Embed Pods Frameworks */,
				C7442884445ACECED0034F4D /* [CP] Copy Pods Resources */,
				CEF5361D26B83F66004C18C8 /* Sentry */,
			);
			buildRules = (
			);
			dependencies = (
			);
			name = WheretoWheel;
			productName = TabbarWithSideMenu;
			productReference = E7C55EC32089B52B00DEBD85 /* WheretoWheel.app */;
			productType = "com.apple.product-type.application";
		};
/* End PBXNativeTarget section */

/* Begin PBXProject section */
		E7C55EBB2089B52B00DEBD85 /* Project object */ = {
			isa = PBXProject;
			attributes = {
				LastSwiftUpdateCheck = 0910;
				LastUpgradeCheck = 1300;
				ORGANIZATIONNAME = sunil.prajapati;
				TargetAttributes = {
					E7C55EC22089B52B00DEBD85 = {
						CreatedOnToolsVersion = 9.1;
						LastSwiftMigration = 1170;
						ProvisioningStyle = Automatic;
					};
				};
			};
			buildConfigurationList = E7C55EBE2089B52B00DEBD85 /* Build configuration list for PBXProject "WheretoWheel" */;
			compatibilityVersion = "Xcode 8.0";
			developmentRegion = en;
			hasScannedForEncodings = 0;
			knownRegions = (
				en,
				Base,
			);
			mainGroup = E7C55EBA2089B52B00DEBD85;
			productRefGroup = E7C55EC42089B52B00DEBD85 /* Products */;
			projectDirPath = "";
			projectRoot = "";
			targets = (
				E7C55EC22089B52B00DEBD85 /* WheretoWheel */,
			);
		};
/* End PBXProject section */

/* Begin PBXResourcesBuildPhase section */
		E7C55EC12089B52B00DEBD85 /* Resources */ = {
			isa = PBXResourcesBuildPhase;
			buildActionMask = 2147483647;
			files = (
				E7C55ED12089B52B00DEBD85 /* LaunchScreen.storyboard in Resources */,
				84BF3A7C23FFFC8A00A78ACF /* reviewSeventhCell.xib in Resources */,
				84BF3A6423FFE92500A78ACF /* topImageCell.xib in Resources */,
				84016711240FAF35004F0FA7 /* addreassMapCell.xib in Resources */,
				84BF3A8423FFFCE200A78ACF /* rattingNingthCell.xib in Resources */,
				84BF3A8823FFFF6900A78ACF /* lastCell.xib in Resources */,
				E7C55ECE2089B52B00DEBD85 /* Assets.xcassets in Resources */,
				84BF3A7423FFFB3900A78ACF /* featchersFifthCell.xib in Resources */,
				84BF3A5C23FFB4C600A78ACF /* GoogleService-Info.plist in Resources */,
				84BF3A6823FFF0E400A78ACF /* nameSecondCell.xib in Resources */,
				841F37112400E4170034D287 /* featcherCollectionCell.xib in Resources */,
				84BF3A7823FFFC3600A78ACF /* mapSixthCell.xib in Resources */,
				E7C55EE82089CA2B00DEBD85 /* LeftHeaderView.xib in Resources */,
				84BF3A8023FFFCB000A78ACF /* shareEighthCell.xib in Resources */,
				84BF3A6C23FFF33000A78ACF /* addressThirdCell.xib in Resources */,
				E7C55ECC2089B52B00DEBD85 /* Main.storyboard in Resources */,
				84BF3A7023FFF99500A78ACF /* aboutForthCell.xib in Resources */,
			);
			runOnlyForDeploymentPostprocessing = 0;
		};
/* End PBXResourcesBuildPhase section */

/* Begin PBXShellScriptBuildPhase section */
		2154F20E4D141963752B1EC7 /* [CP] Embed Pods Frameworks */ = {
			isa = PBXShellScriptBuildPhase;
			buildActionMask = 2147483647;
			files = (
			);
			inputPaths = (
				"${PODS_ROOT}/Target Support Files/Pods-WheretoWheel/Pods-WheretoWheel-frameworks.sh",
				"${BUILT_PRODUCTS_DIR}/Alamofire/Alamofire.framework",
				"${BUILT_PRODUCTS_DIR}/AppAuth/AppAuth.framework",
				"${BUILT_PRODUCTS_DIR}/Bolts/Bolts.framework",
				"${BUILT_PRODUCTS_DIR}/CropViewController/CropViewController.framework",
				"${BUILT_PRODUCTS_DIR}/DKCamera/DKCamera.framework",
				"${BUILT_PRODUCTS_DIR}/DKImagePickerController/DKImagePickerController.framework",
				"${BUILT_PRODUCTS_DIR}/DKPhotoGallery/DKPhotoGallery.framework",
				"${BUILT_PRODUCTS_DIR}/FBSDKCoreKit/FBSDKCoreKit.framework",
				"${BUILT_PRODUCTS_DIR}/FBSDKLoginKit/FBSDKLoginKit.framework",
				"${BUILT_PRODUCTS_DIR}/FSCalendar/FSCalendar.framework",
				"${BUILT_PRODUCTS_DIR}/FirebaseAuth/FirebaseAuth.framework",
				"${BUILT_PRODUCTS_DIR}/FirebaseCore/FirebaseCore.framework",
				"${BUILT_PRODUCTS_DIR}/FirebaseCoreDiagnostics/FirebaseCoreDiagnostics.framework",
				"${BUILT_PRODUCTS_DIR}/FirebaseInstallations/FirebaseInstallations.framework",
				"${BUILT_PRODUCTS_DIR}/GTMAppAuth/GTMAppAuth.framework",
				"${BUILT_PRODUCTS_DIR}/GTMSessionFetcher/GTMSessionFetcher.framework",
				"${BUILT_PRODUCTS_DIR}/GoogleDataTransport/GoogleDataTransport.framework",
				"${BUILT_PRODUCTS_DIR}/GoogleUtilities/GoogleUtilities.framework",
				"${BUILT_PRODUCTS_DIR}/PromisesObjC/FBLPromises.framework",
				"${BUILT_PRODUCTS_DIR}/RAMAnimatedTabBarController/RAMAnimatedTabBarController.framework",
				"${BUILT_PRODUCTS_DIR}/SDWebImage/SDWebImage.framework",
				"${BUILT_PRODUCTS_DIR}/SDWebImageWebPCoder/SDWebImageWebPCoder.framework",
				"${BUILT_PRODUCTS_DIR}/Sentry/Sentry.framework",
				"${BUILT_PRODUCTS_DIR}/SwiftyGif/SwiftyGif.framework",
				"${BUILT_PRODUCTS_DIR}/libwebp/libwebp.framework",
				"${BUILT_PRODUCTS_DIR}/nanopb/nanopb.framework",
				"${BUILT_PRODUCTS_DIR}/skpsmtpmessage/skpsmtpmessage.framework",
			);
			name = "[CP] Embed Pods Frameworks";
			outputPaths = (
				"${TARGET_BUILD_DIR}/${FRAMEWORKS_FOLDER_PATH}/Alamofire.framework",
				"${TARGET_BUILD_DIR}/${FRAMEWORKS_FOLDER_PATH}/AppAuth.framework",
				"${TARGET_BUILD_DIR}/${FRAMEWORKS_FOLDER_PATH}/Bolts.framework",
				"${TARGET_BUILD_DIR}/${FRAMEWORKS_FOLDER_PATH}/CropViewController.framework",
				"${TARGET_BUILD_DIR}/${FRAMEWORKS_FOLDER_PATH}/DKCamera.framework",
				"${TARGET_BUILD_DIR}/${FRAMEWORKS_FOLDER_PATH}/DKImagePickerController.framework",
				"${TARGET_BUILD_DIR}/${FRAMEWORKS_FOLDER_PATH}/DKPhotoGallery.framework",
				"${TARGET_BUILD_DIR}/${FRAMEWORKS_FOLDER_PATH}/FBSDKCoreKit.framework",
				"${TARGET_BUILD_DIR}/${FRAMEWORKS_FOLDER_PATH}/FBSDKLoginKit.framework",
				"${TARGET_BUILD_DIR}/${FRAMEWORKS_FOLDER_PATH}/FSCalendar.framework",
				"${TARGET_BUILD_DIR}/${FRAMEWORKS_FOLDER_PATH}/FirebaseAuth.framework",
				"${TARGET_BUILD_DIR}/${FRAMEWORKS_FOLDER_PATH}/FirebaseCore.framework",
				"${TARGET_BUILD_DIR}/${FRAMEWORKS_FOLDER_PATH}/FirebaseCoreDiagnostics.framework",
				"${TARGET_BUILD_DIR}/${FRAMEWORKS_FOLDER_PATH}/FirebaseInstallations.framework",
				"${TARGET_BUILD_DIR}/${FRAMEWORKS_FOLDER_PATH}/GTMAppAuth.framework",
				"${TARGET_BUILD_DIR}/${FRAMEWORKS_FOLDER_PATH}/GTMSessionFetcher.framework",
				"${TARGET_BUILD_DIR}/${FRAMEWORKS_FOLDER_PATH}/GoogleDataTransport.framework",
				"${TARGET_BUILD_DIR}/${FRAMEWORKS_FOLDER_PATH}/GoogleUtilities.framework",
				"${TARGET_BUILD_DIR}/${FRAMEWORKS_FOLDER_PATH}/FBLPromises.framework",
				"${TARGET_BUILD_DIR}/${FRAMEWORKS_FOLDER_PATH}/RAMAnimatedTabBarController.framework",
				"${TARGET_BUILD_DIR}/${FRAMEWORKS_FOLDER_PATH}/SDWebImage.framework",
				"${TARGET_BUILD_DIR}/${FRAMEWORKS_FOLDER_PATH}/SDWebImageWebPCoder.framework",
				"${TARGET_BUILD_DIR}/${FRAMEWORKS_FOLDER_PATH}/Sentry.framework",
				"${TARGET_BUILD_DIR}/${FRAMEWORKS_FOLDER_PATH}/SwiftyGif.framework",
				"${TARGET_BUILD_DIR}/${FRAMEWORKS_FOLDER_PATH}/libwebp.framework",
				"${TARGET_BUILD_DIR}/${FRAMEWORKS_FOLDER_PATH}/nanopb.framework",
				"${TARGET_BUILD_DIR}/${FRAMEWORKS_FOLDER_PATH}/skpsmtpmessage.framework",
			);
			runOnlyForDeploymentPostprocessing = 0;
			shellPath = /bin/sh;
			shellScript = "\"${PODS_ROOT}/Target Support Files/Pods-WheretoWheel/Pods-WheretoWheel-frameworks.sh\"\n";
			showEnvVarsInLog = 0;
		};
		76610E29B8085EF10BDD0C87 /* [CP] Check Pods Manifest.lock */ = {
			isa = PBXShellScriptBuildPhase;
			buildActionMask = 2147483647;
			files = (
			);
			inputFileListPaths = (
			);
			inputPaths = (
				"${PODS_PODFILE_DIR_PATH}/Podfile.lock",
				"${PODS_ROOT}/Manifest.lock",
			);
			name = "[CP] Check Pods Manifest.lock";
			outputFileListPaths = (
			);
			outputPaths = (
				"$(DERIVED_FILE_DIR)/Pods-WheretoWheel-checkManifestLockResult.txt",
			);
			runOnlyForDeploymentPostprocessing = 0;
			shellPath = /bin/sh;
			shellScript = "diff \"${PODS_PODFILE_DIR_PATH}/Podfile.lock\" \"${PODS_ROOT}/Manifest.lock\" > /dev/null\nif [ $? != 0 ] ; then\n    # print error to STDERR\n    echo \"error: The sandbox is not in sync with the Podfile.lock. Run 'pod install' or update your CocoaPods installation.\" >&2\n    exit 1\nfi\n# This output is used by Xcode 'outputs' to avoid re-running this script phase.\necho \"SUCCESS\" > \"${SCRIPT_OUTPUT_FILE_0}\"\n";
			showEnvVarsInLog = 0;
		};
		C7442884445ACECED0034F4D /* [CP] Copy Pods Resources */ = {
			isa = PBXShellScriptBuildPhase;
			buildActionMask = 2147483647;
			files = (
			);
			inputPaths = (
				"${PODS_ROOT}/Target Support Files/Pods-WheretoWheel/Pods-WheretoWheel-resources.sh",
				"${PODS_ROOT}/GoogleMaps/Maps/Frameworks/GoogleMaps.framework/Resources/GoogleMaps.bundle",
				"${PODS_ROOT}/GooglePlaces/Frameworks/GooglePlaces.framework/Resources/GooglePlaces.bundle",
				"${PODS_ROOT}/GoogleSignIn/Resources/GoogleSignIn.bundle",
			);
			name = "[CP] Copy Pods Resources";
			outputPaths = (
				"${TARGET_BUILD_DIR}/${UNLOCALIZED_RESOURCES_FOLDER_PATH}/GoogleMaps.bundle",
				"${TARGET_BUILD_DIR}/${UNLOCALIZED_RESOURCES_FOLDER_PATH}/GooglePlaces.bundle",
				"${TARGET_BUILD_DIR}/${UNLOCALIZED_RESOURCES_FOLDER_PATH}/GoogleSignIn.bundle",
			);
			runOnlyForDeploymentPostprocessing = 0;
			shellPath = /bin/sh;
			shellScript = "\"${PODS_ROOT}/Target Support Files/Pods-WheretoWheel/Pods-WheretoWheel-resources.sh\"\n";
			showEnvVarsInLog = 0;
		};
		CEF5361D26B83F66004C18C8 /* Sentry */ = {
			isa = PBXShellScriptBuildPhase;
			buildActionMask = 2147483647;
			files = (
			);
			inputFileListPaths = (
			);
			inputPaths = (
				"${DWARF_DSYM_FOLDER_PATH}/${DWARF_DSYM_FILE_NAME}/Contents/Resources/DWARF/${TARGET_NAME}",
			);
			name = Sentry;
			outputFileListPaths = (
			);
			outputPaths = (
			);
			runOnlyForDeploymentPostprocessing = 0;
			shellPath = /bin/sh;
			shellScript = "if which sentry-cli >/dev/null; then\nexport SENTRY_URL=https://mysentry.invalid/\nexport SENTRY_ORG=axelhub\nexport SENTRY_PROJECT=axelhub\nexport SENTRY_AUTH_TOKEN=1dd0c1b7690c45ca947941225c35a2e056dc82952f794e699f100aae2ffcdffb\nERROR=$(sentry-cli upload-dif \"$DWARF_DSYM_FOLDER_PATH\" 2>&1 >/dev/null)\nif [ ! $? -eq 0 ]; then\necho \"warning: sentry-cli - $ERROR\"\nfi\nelse\necho \"warning: sentry-cli not installed, download from https://github.com/getsentry/sentry-cli/releases\"\nfi\n";
		};
/* End PBXShellScriptBuildPhase section */

/* Begin PBXSourcesBuildPhase section */
		E7C55EBF2089B52B00DEBD85 /* Sources */ = {
			isa = PBXSourcesBuildPhase;
			buildActionMask = 2147483647;
			files = (
				84A5022923F800C500244B86 /* DashboardDetailViewController.swift in Sources */,
				E775143C2089DDB700E44840 /* SecondViewController.swift in Sources */,
				84F1D95623F694D300793D92 /* JTMaterialSpinner.swift in Sources */,
				84BF3A8323FFFCE200A78ACF /* rattingNingthCell.swift in Sources */,
				84A5021D23F7CC4700244B86 /* AboutViewController.swift in Sources */,
				84D234F223FD6082006A6066 /* OTPViewController.swift in Sources */,
				84BF3A8723FFFF6900A78ACF /* lastCell.swift in Sources */,
				E775143A2089D99900E44840 /* NonMenuViewController.swift in Sources */,
				84BF3A7F23FFFCB000A78ACF /* shareEighthCell.swift in Sources */,
				E733665520DCDCFD0090DE18 /* SearchController.swift in Sources */,
				84BF3A6723FFF0E400A78ACF /* nameSecondCell.swift in Sources */,
				84A5022B23F80D3A00244B86 /* ForgotPassViewController.swift in Sources */,
				848B53532404E5AB00A1B4AB /* CoreDataStack.swift in Sources */,
				84BF3A7323FFFB3900A78ACF /* featchersFifthCell.swift in Sources */,
				8432490F23F56A150012C3F2 /* LoginViewController.swift in Sources */,
				84BF3A6F23FFF99500A78ACF /* aboutForthCell.swift in Sources */,
				84BF3A7723FFFC3600A78ACF /* mapSixthCell.swift in Sources */,
				84A5022723F7D8BB00244B86 /* HistoryViewController.swift in Sources */,
				84FA21EE2403B0DA00575E86 /* SearchCell.swift in Sources */,
				84F1D97923F6BF6E00793D92 /* sidemenuCell.swift in Sources */,
				84A5022523F7D89900244B86 /* ContactUsViewController.swift in Sources */,
				8493D79224090BBD00DF2343 /* addListSearchCell.swift in Sources */,
				84BF3A5E23FFCDFB00A78ACF /* historyCell.swift in Sources */,
				848B53552404E86200A1B4AB /* APIService.swift in Sources */,
				E79DE53520AD486300CF0049 /* LocationViewController.swift in Sources */,
				84FA21EC240393BA00575E86 /* ChangePassViewController.swift in Sources */,
				84F1D97723F6ACD700793D92 /* LocationListCell.swift in Sources */,
				848B53512404E4F000A1B4AB /* WheretoWheel.xcdatamodeld in Sources */,
				84F6A158240D33860030CFDD /* addListPhotoCell.swift in Sources */,
				84BF3A6B23FFF33000A78ACF /* addressThirdCell.swift in Sources */,
				84A5022123F7D84400244B86 /* FAQViewController.swift in Sources */,
				84BF3A7B23FFFC8A00A78ACF /* reviewSeventhCell.swift in Sources */,
				84BF3A5823FF9ED300A78ACF /* TableBookViewController.swift in Sources */,
				2971995026E36FB900B836EA /* Debouncer.swift in Sources */,
				E7C55EC72089B52B00DEBD85 /* AppDelegate.swift in Sources */,
				E79E1E1320AC516F00E15481 /* UIViewController.swift in Sources */,
				8432491323F573690012C3F2 /* ProfileViewController.swift in Sources */,
				E7C55ED92089B9D300DEBD85 /* MainViewController.swift in Sources */,
				84ADA9B523FAA20B00BB9F9E /* ApiCalling.swift in Sources */,
				E78D0EE120DCF7880035F501 /* DashboardViewController.swift in Sources */,
				84F1D95323F663C800793D92 /* DashboardCell.swift in Sources */,
				E7C55EDD2089BA3400DEBD85 /* RightMenuViewController.swift in Sources */,
				84016710240FAF35004F0FA7 /* addreassMapCell.swift in Sources */,
				8432491123F56BE30012C3F2 /* AddListViewController.swift in Sources */,
				84C04519240E6A98002C2F52 /* ExpandableHeaderView.swift in Sources */,
				841F37102400E4170034D287 /* featcherCollectionCell.swift in Sources */,
				E77514432089F0EE00E44840 /* CustomTabBarViewController.swift in Sources */,
				84C0451A240E6A98002C2F52 /* Section.swift in Sources */,
				841F37132401539C0034D287 /* UserPRofileViewController.swift in Sources */,
				84BF3A6023FFE72500A78ACF /* DetailViewController.swift in Sources */,
				E7C55EE62089CA1A00DEBD85 /* LeftHeaderView.swift in Sources */,
				CECA534226B8173E007B6BC3 /* SentryManager.swift in Sources */,
				84A5022D23F8136800244B86 /* SignUpViewController.swift in Sources */,
				84A5021F23F7D80C00244B86 /* PricacyPolicyViewController.swift in Sources */,
				8401670D240F88FF004F0FA7 /* SearchMapDetailViewController.swift in Sources */,
				84BF3A6323FFE92500A78ACF /* topImageCell.swift in Sources */,
				84A5022323F7D87400244B86 /* TermsConditionsViewController.swift in Sources */,
				E7C55EDB2089BA2700DEBD85 /* LeftMenuViewController .swift in Sources */,
				CE38A8202653CA7A0039672A /* SlideMenuController.swift in Sources */,
				E79E1E1620AC519700E15481 /* Enums.swift in Sources */,
				E733665320DCDC210090DE18 /* SideBaseViewController.swift in Sources */,
			);
			runOnlyForDeploymentPostprocessing = 0;
		};
/* End PBXSourcesBuildPhase section */

/* Begin PBXVariantGroup section */
		E7C55ECA2089B52B00DEBD85 /* Main.storyboard */ = {
			isa = PBXVariantGroup;
			children = (
				E7C55ECB2089B52B00DEBD85 /* Base */,
			);
			name = Main.storyboard;
			sourceTree = "<group>";
		};
		E7C55ECF2089B52B00DEBD85 /* LaunchScreen.storyboard */ = {
			isa = PBXVariantGroup;
			children = (
				E7C55ED02089B52B00DEBD85 /* Base */,
			);
			name = LaunchScreen.storyboard;
			sourceTree = "<group>";
		};
/* End PBXVariantGroup section */

/* Begin XCBuildConfiguration section */
		E7C55ED32089B52B00DEBD85 /* Debug */ = {
			isa = XCBuildConfiguration;
			buildSettings = {
				ALWAYS_SEARCH_USER_PATHS = NO;
				CLANG_ANALYZER_LOCALIZABILITY_NONLOCALIZED = YES;
				CLANG_ANALYZER_NONNULL = YES;
				CLANG_ANALYZER_NUMBER_OBJECT_CONVERSION = YES_AGGRESSIVE;
				CLANG_CXX_LANGUAGE_STANDARD = "gnu++14";
				CLANG_CXX_LIBRARY = "libc++";
				CLANG_ENABLE_MODULES = YES;
				CLANG_ENABLE_OBJC_ARC = YES;
				CLANG_WARN_BLOCK_CAPTURE_AUTORELEASING = YES;
				CLANG_WARN_BOOL_CONVERSION = YES;
				CLANG_WARN_COMMA = YES;
				CLANG_WARN_CONSTANT_CONVERSION = YES;
				CLANG_WARN_DEPRECATED_OBJC_IMPLEMENTATIONS = YES;
				CLANG_WARN_DIRECT_OBJC_ISA_USAGE = YES_ERROR;
				CLANG_WARN_DOCUMENTATION_COMMENTS = YES;
				CLANG_WARN_EMPTY_BODY = YES;
				CLANG_WARN_ENUM_CONVERSION = YES;
				CLANG_WARN_INFINITE_RECURSION = YES;
				CLANG_WARN_INT_CONVERSION = YES;
				CLANG_WARN_NON_LITERAL_NULL_CONVERSION = YES;
				CLANG_WARN_OBJC_IMPLICIT_RETAIN_SELF = YES;
				CLANG_WARN_OBJC_LITERAL_CONVERSION = YES;
				CLANG_WARN_OBJC_ROOT_CLASS = YES_ERROR;
				CLANG_WARN_QUOTED_INCLUDE_IN_FRAMEWORK_HEADER = YES;
				CLANG_WARN_RANGE_LOOP_ANALYSIS = YES;
				CLANG_WARN_STRICT_PROTOTYPES = YES;
				CLANG_WARN_SUSPICIOUS_MOVE = YES;
				CLANG_WARN_UNGUARDED_AVAILABILITY = YES_AGGRESSIVE;
				CLANG_WARN_UNREACHABLE_CODE = YES;
				CLANG_WARN__DUPLICATE_METHOD_MATCH = YES;
				CODE_SIGN_IDENTITY = "iPhone Developer";
				COPY_PHASE_STRIP = NO;
				DEBUG_INFORMATION_FORMAT = dwarf;
				ENABLE_STRICT_OBJC_MSGSEND = YES;
				ENABLE_TESTABILITY = YES;
				"EXCLUDED_ARCHS[sdk=iphonesimulator*]" = arm64;
				GCC_C_LANGUAGE_STANDARD = gnu11;
				GCC_DYNAMIC_NO_PIC = NO;
				GCC_NO_COMMON_BLOCKS = YES;
				GCC_OPTIMIZATION_LEVEL = 0;
				GCC_PREPROCESSOR_DEFINITIONS = (
					"DEBUG=1",
					"$(inherited)",
				);
				GCC_WARN_64_TO_32_BIT_CONVERSION = YES;
				GCC_WARN_ABOUT_RETURN_TYPE = YES_ERROR;
				GCC_WARN_UNDECLARED_SELECTOR = YES;
				GCC_WARN_UNINITIALIZED_AUTOS = YES_AGGRESSIVE;
				GCC_WARN_UNUSED_FUNCTION = YES;
				GCC_WARN_UNUSED_VARIABLE = YES;
				IPHONEOS_DEPLOYMENT_TARGET = 12.0;
				MTL_ENABLE_DEBUG_INFO = YES;
				ONLY_ACTIVE_ARCH = YES;
				SDKROOT = iphoneos;
				SWIFT_ACTIVE_COMPILATION_CONDITIONS = DEBUG;
				SWIFT_OPTIMIZATION_LEVEL = "-Onone";
			};
			name = Debug;
		};
		E7C55ED42089B52B00DEBD85 /* Release */ = {
			isa = XCBuildConfiguration;
			buildSettings = {
				ALWAYS_SEARCH_USER_PATHS = NO;
				CLANG_ANALYZER_LOCALIZABILITY_NONLOCALIZED = YES;
				CLANG_ANALYZER_NONNULL = YES;
				CLANG_ANALYZER_NUMBER_OBJECT_CONVERSION = YES_AGGRESSIVE;
				CLANG_CXX_LANGUAGE_STANDARD = "gnu++14";
				CLANG_CXX_LIBRARY = "libc++";
				CLANG_ENABLE_MODULES = YES;
				CLANG_ENABLE_OBJC_ARC = YES;
				CLANG_WARN_BLOCK_CAPTURE_AUTORELEASING = YES;
				CLANG_WARN_BOOL_CONVERSION = YES;
				CLANG_WARN_COMMA = YES;
				CLANG_WARN_CONSTANT_CONVERSION = YES;
				CLANG_WARN_DEPRECATED_OBJC_IMPLEMENTATIONS = YES;
				CLANG_WARN_DIRECT_OBJC_ISA_USAGE = YES_ERROR;
				CLANG_WARN_DOCUMENTATION_COMMENTS = YES;
				CLANG_WARN_EMPTY_BODY = YES;
				CLANG_WARN_ENUM_CONVERSION = YES;
				CLANG_WARN_INFINITE_RECURSION = YES;
				CLANG_WARN_INT_CONVERSION = YES;
				CLANG_WARN_NON_LITERAL_NULL_CONVERSION = YES;
				CLANG_WARN_OBJC_IMPLICIT_RETAIN_SELF = YES;
				CLANG_WARN_OBJC_LITERAL_CONVERSION = YES;
				CLANG_WARN_OBJC_ROOT_CLASS = YES_ERROR;
				CLANG_WARN_QUOTED_INCLUDE_IN_FRAMEWORK_HEADER = YES;
				CLANG_WARN_RANGE_LOOP_ANALYSIS = YES;
				CLANG_WARN_STRICT_PROTOTYPES = YES;
				CLANG_WARN_SUSPICIOUS_MOVE = YES;
				CLANG_WARN_UNGUARDED_AVAILABILITY = YES_AGGRESSIVE;
				CLANG_WARN_UNREACHABLE_CODE = YES;
				CLANG_WARN__DUPLICATE_METHOD_MATCH = YES;
				CODE_SIGN_IDENTITY = "iPhone Developer";
				COPY_PHASE_STRIP = NO;
				DEBUG_INFORMATION_FORMAT = "dwarf-with-dsym";
				ENABLE_NS_ASSERTIONS = NO;
				ENABLE_STRICT_OBJC_MSGSEND = YES;
				"EXCLUDED_ARCHS[sdk=iphonesimulator*]" = arm64;
				GCC_C_LANGUAGE_STANDARD = gnu11;
				GCC_NO_COMMON_BLOCKS = YES;
				GCC_WARN_64_TO_32_BIT_CONVERSION = YES;
				GCC_WARN_ABOUT_RETURN_TYPE = YES_ERROR;
				GCC_WARN_UNDECLARED_SELECTOR = YES;
				GCC_WARN_UNINITIALIZED_AUTOS = YES_AGGRESSIVE;
				GCC_WARN_UNUSED_FUNCTION = YES;
				GCC_WARN_UNUSED_VARIABLE = YES;
				IPHONEOS_DEPLOYMENT_TARGET = 12.0;
				MTL_ENABLE_DEBUG_INFO = NO;
				SDKROOT = iphoneos;
				SWIFT_OPTIMIZATION_LEVEL = "-Owholemodule";
				VALIDATE_PRODUCT = YES;
			};
			name = Release;
		};
		E7C55ED62089B52B00DEBD85 /* Debug */ = {
			isa = XCBuildConfiguration;
			baseConfigurationReference = AAEF4093B21C083FE2E4C79C /* Pods-WheretoWheel.debug.xcconfig */;
			buildSettings = {
				ASSETCATALOG_COMPILER_APPICON_NAME = AppIcon;
				CODE_SIGN_ENTITLEMENTS = WheretoWheel.entitlements;
				CODE_SIGN_IDENTITY = "Apple Development";
				CODE_SIGN_STYLE = Automatic;
				CURRENT_PROJECT_VERSION = 2;
				DEVELOPMENT_TEAM = 4CJQAKW97Z;
				FRAMEWORK_SEARCH_PATHS = (
					"$(inherited)",
					"$(PROJECT_DIR)/TabbarWithSideMenu/Framworks",
				);
				INFOPLIST_FILE = TabbarWithSideMenu/Info.plist;
				IPHONEOS_DEPLOYMENT_TARGET = 13.0;
				LD_RUNPATH_SEARCH_PATHS = "$(inherited) @executable_path/Frameworks";
				MARKETING_VERSION = 1.0.0;
				OTHER_LDFLAGS = (
					"$(inherited)",
					"-ObjC",
				);
				PRODUCT_BUNDLE_IDENTIFIER = com.whereto.wheels;
				PRODUCT_NAME = WheretoWheel;
				PROVISIONING_PROFILE_SPECIFIER = "";
				SWIFT_VERSION = 5.0;
				TARGETED_DEVICE_FAMILY = "1,2";
			};
			name = Debug;
		};
		E7C55ED72089B52B00DEBD85 /* Release */ = {
			isa = XCBuildConfiguration;
			baseConfigurationReference = 199D4FF4190D2CAD4F1E15B7 /* Pods-WheretoWheel.release.xcconfig */;
			buildSettings = {
				ASSETCATALOG_COMPILER_APPICON_NAME = AppIcon;
				CODE_SIGN_ENTITLEMENTS = WheretoWheel.entitlements;
				CODE_SIGN_IDENTITY = "Apple Development";
				CODE_SIGN_STYLE = Automatic;
				CURRENT_PROJECT_VERSION = 2;
				DEVELOPMENT_TEAM = 4CJQAKW97Z;
				FRAMEWORK_SEARCH_PATHS = (
					"$(inherited)",
					"$(PROJECT_DIR)/TabbarWithSideMenu/Framworks",
				);
				INFOPLIST_FILE = TabbarWithSideMenu/Info.plist;
				IPHONEOS_DEPLOYMENT_TARGET = 13.0;
				LD_RUNPATH_SEARCH_PATHS = "$(inherited) @executable_path/Frameworks";
				MARKETING_VERSION = 1.0.0;
				OTHER_LDFLAGS = (
					"$(inherited)",
					"-ObjC",
				);
				PRODUCT_BUNDLE_IDENTIFIER = com.whereto.wheels;
				PRODUCT_NAME = WheretoWheel;
				PROVISIONING_PROFILE_SPECIFIER = "";
				SWIFT_VERSION = 5.0;
				TARGETED_DEVICE_FAMILY = "1,2";
			};
			name = Release;
		};
/* End XCBuildConfiguration section */

/* Begin XCConfigurationList section */
		E7C55EBE2089B52B00DEBD85 /* Build configuration list for PBXProject "WheretoWheel" */ = {
			isa = XCConfigurationList;
			buildConfigurations = (
				E7C55ED32089B52B00DEBD85 /* Debug */,
				E7C55ED42089B52B00DEBD85 /* Release */,
			);
			defaultConfigurationIsVisible = 0;
			defaultConfigurationName = Release;
		};
		E7C55ED52089B52B00DEBD85 /* Build configuration list for PBXNativeTarget "WheretoWheel" */ = {
			isa = XCConfigurationList;
			buildConfigurations = (
				E7C55ED62089B52B00DEBD85 /* Debug */,
				E7C55ED72089B52B00DEBD85 /* Release */,
			);
			defaultConfigurationIsVisible = 0;
			defaultConfigurationName = Release;
		};
/* End XCConfigurationList section */

/* Begin XCVersionGroup section */
		848B534F2404E4F000A1B4AB /* WheretoWheel.xcdatamodeld */ = {
			isa = XCVersionGroup;
			children = (
				848B53502404E4F000A1B4AB /* WheretoWheel.xcdatamodel */,
			);
			currentVersion = 848B53502404E4F000A1B4AB /* WheretoWheel.xcdatamodel */;
			path = WheretoWheel.xcdatamodeld;
			sourceTree = "<group>";
			versionGroupType = wrapper.xcdatamodel;
		};
/* End XCVersionGroup section */
	};
	rootObject = E7C55EBB2089B52B00DEBD85 /* Project object */;
}
